
Microsoft Visual Studio Solution File, Format Version 12.00
# Visual Studio Version 17
VisualStudioVersion = 17.7.34202.233
MinimumVisualStudioVersion = 10.0.40219.1
Project("{9A19103F-16F7-4668-BE54-9A1E7A4F7556}") = "RabbitMQ", "RabbitMQ\RabbitMQ.csproj", "{5104B314-C197-4543-8A9D-A6503F9F8247}"
EndProject
Project("{FAE04EC0-301F-11D3-BF4B-00C04F79EFBC}") = "RabbitMQ.Consumer", "RabbitMQ.Consumer\RabbitMQ.Consumer.csproj", "{762518E4-ADC9-4CD7-A751-0A1050C77854}"
EndProject
Global
	GlobalSection(SolutionConfigurationPlatforms) = preSolution
		Debug|Any CPU = Debug|Any CPU
		Release|Any CPU = Release|Any CPU
	EndGlobalSection
	GlobalSection(ProjectConfigurationPlatforms) = postSolution
		{5104B314-C197-4543-8A9D-A6503F9F8247}.Debug|Any CPU.ActiveCfg = Debug|Any CPU
		{5104B314-C197-4543-8A9D-A6503F9F8247}.Debug|Any CPU.Build.0 = Debug|Any CPU
		{5104B314-C197-4543-8A9D-A6503F9F8247}.Release|Any CPU.ActiveCfg = Release|Any CPU
		{5104B314-C197-4543-8A9D-A6503F9F8247}.Release|Any CPU.Build.0 = Release|Any CPU
		{762518E4-ADC9-4CD7-A751-0A1050C77854}.Debug|Any CPU.ActiveCfg = Debug|Any CPU
		{762518E4-ADC9-4CD7-A751-0A1050C77854}.Debug|Any CPU.Build.0 = Debug|Any CPU
		{762518E4-ADC9-4CD7-A751-0A1050C77854}.Release|Any CPU.ActiveCfg = Release|Any CPU
		{762518E4-ADC9-4CD7-A751-0A1050C77854}.Release|Any CPU.Build.0 = Release|Any CPU
	EndGlobalSection
	GlobalSection(SolutionProperties) = preSolution
		HideSolutionNode = FALSE
	EndGlobalSection
	GlobalSection(ExtensibilityGlobals) = postSolution
		SolutionGuid = {909A676C-7B3D-45EF-ACD1-3C526445484B}
	EndGlobalSection
EndGlobal
